
Microsoft Visual Studio Solution File, Format Version 12.00
# Visual Studio Version 16
VisualStudioVersion = 16.0.31624.102
MinimumVisualStudioVersion = 10.0.40219.1
Project("{FAE04EC0-301F-11D3-BF4B-00C04F79EFBC}") = "ClientSideValidationlab", "ClientSideValidationlab\ClientSideValidationlab.csproj", "{7C9571D5-DD93-428B-A660-A542B2ACED68}"
EndProject
Global
	GlobalSection(SolutionConfigurationPlatforms) = preSolution
		Debug|Any CPU = Debug|Any CPU
		Release|Any CPU = Release|Any CPU
	EndGlobalSection
	GlobalSection(ProjectConfigurationPlatforms) = postSolution
		{7C9571D5-DD93-428B-A660-A542B2ACED68}.Debug|Any CPU.ActiveCfg = Debug|Any CPU
		{7C9571D5-DD93-428B-A660-A542B2ACED68}.Debug|Any CPU.Build.0 = Debug|Any CPU
		{7C9571D5-DD93-428B-A660-A542B2ACED68}.Release|Any CPU.ActiveCfg = Release|Any CPU
		{7C9571D5-DD93-428B-A660-A542B2ACED68}.Release|Any CPU.Build.0 = Release|Any CPU
	EndGlobalSection
	GlobalSection(SolutionProperties) = preSolution
		HideSolutionNode = FALSE
	EndGlobalSection
	GlobalSection(ExtensibilityGlobals) = postSolution
		SolutionGuid = {3067A102-7BBC-4B5C-85B4-332B40103296}
	EndGlobalSection
EndGlobal
